
Microsoft Visual Studio Solution File, Format Version 12.00
# Visual Studio Version 17
VisualStudioVersion = 17.6.33723.286
MinimumVisualStudioVersion = 10.0.40219.1
Project("{FAE04EC0-301F-11D3-BF4B-00C04F79EFBC}") = "MoreRoads", "MoreRoads.csproj", "{D77A0AEC-8811-4A60-915B-A590A151AC96}"
EndProject
Project("{FAE04EC0-301F-11D3-BF4B-00C04F79EFBC}") = "Start", "..\Start\Start.csproj", "{2893C2C6-3D1A-4261-AC14-A7AE554DC96E}"
	ProjectSection(ProjectDependencies) = postProject
		{D77A0AEC-8811-4A60-915B-A590A151AC96} = {D77A0AEC-8811-4A60-915B-A590A151AC96}
	EndProjectSection
EndProject
Global
	GlobalSection(SolutionConfigurationPlatforms) = preSolution
		Debug|Any CPU = Debug|Any CPU
		Release|Any CPU = Release|Any CPU
	EndGlobalSection
	GlobalSection(ProjectConfigurationPlatforms) = postSolution
		{D77A0AEC-8811-4A60-915B-A590A151AC96}.Debug|Any CPU.ActiveCfg = Debug|Any CPU
		{D77A0AEC-8811-4A60-915B-A590A151AC96}.Debug|Any CPU.Build.0 = Debug|Any CPU
		{D77A0AEC-8811-4A60-915B-A590A151AC96}.Release|Any CPU.ActiveCfg = Release|Any CPU
		{D77A0AEC-8811-4A60-915B-A590A151AC96}.Release|Any CPU.Build.0 = Release|Any CPU
		{2893C2C6-3D1A-4261-AC14-A7AE554DC96E}.Debug|Any CPU.ActiveCfg = Debug|Any CPU
		{2893C2C6-3D1A-4261-AC14-A7AE554DC96E}.Debug|Any CPU.Build.0 = Debug|Any CPU
		{2893C2C6-3D1A-4261-AC14-A7AE554DC96E}.Release|Any CPU.ActiveCfg = Release|Any CPU
		{2893C2C6-3D1A-4261-AC14-A7AE554DC96E}.Release|Any CPU.Build.0 = Release|Any CPU
	EndGlobalSection
	GlobalSection(SolutionProperties) = preSolution
		HideSolutionNode = FALSE
	EndGlobalSection
	GlobalSection(ExtensibilityGlobals) = postSolution
		SolutionGuid = {EEE4CEE4-6CD8-40EB-BE0E-67830255C761}
	EndGlobalSection
EndGlobal
